// !$*UTF8*$!
{
	archiveVersion = 1;
	classes = {
	};
	objectVersion = 46;
	objects = {

/* Begin PBXBuildFile section */
		3D3834911E88AE3400B78F68 /* main.m in Sources */ = {isa = PBXBuildFile; fileRef = 3D3834901E88AE3400B78F68 /* main.m */; };
		3D3834941E88AE3400B78F68 /* AppDelegate.m in Sources */ = {isa = PBXBuildFile; fileRef = 3D3834931E88AE3400B78F68 /* AppDelegate.m */; };
		3D3834971E88AE3400B78F68 /* ViewController.m in Sources */ = {isa = PBXBuildFile; fileRef = 3D3834961E88AE3400B78F68 /* ViewController.m */; };
		3D38349A1E88AE3400B78F68 /* Main.storyboard in Resources */ = {isa = PBXBuildFile; fileRef = 3D3834981E88AE3400B78F68 /* Main.storyboard */; };
		3D38349C1E88AE3400B78F68 /* Assets.xcassets in Resources */ = {isa = PBXBuildFile; fileRef = 3D38349B1E88AE3400B78F68 /* Assets.xcassets */; };
		3D38349F1E88AE3400B78F68 /* LaunchScreen.storyboard in Resources */ = {isa = PBXBuildFile; fileRef = 3D38349D1E88AE3400B78F68 /* LaunchScreen.storyboard */; };
		3D3834A81E88B1D600B78F68 /* DetailViewController.m in Sources */ = {isa = PBXBuildFile; fileRef = 3D3834A71E88B1D600B78F68 /* DetailViewController.m */; };
		3D3834AB1E88B28700B78F68 /* ProductListTableViewCell.m in Sources */ = {isa = PBXBuildFile; fileRef = 3D3834AA1E88B28700B78F68 /* ProductListTableViewCell.m */; };
		3D3834AE1E88B32D00B78F68 /* Product.m in Sources */ = {isa = PBXBuildFile; fileRef = 3D3834AD1E88B32D00B78F68 /* Product.m */; };
		3D3834B11E88CD0000B78F68 /* SafariServices.framework in Frameworks */ = {isa = PBXBuildFile; fileRef = 3D3834B01E88CD0000B78F68 /* SafariServices.framework */; };
/* End PBXBuildFile section */

/* Begin PBXFileReference section */
		3D38348C1E88AE3400B78F68 /* Week2assessment - Yohan.app */ = {isa = PBXFileReference; explicitFileType = wrapper.application; includeInIndex = 0; path = "Week2assessment - Yohan.app"; sourceTree = BUILT_PRODUCTS_DIR; };
		3D3834901E88AE3400B78F68 /* main.m */ = {isa = PBXFileReference; lastKnownFileType = sourcecode.c.objc; path = main.m; sourceTree = "<group>"; };
		3D3834921E88AE3400B78F68 /* AppDelegate.h */ = {isa = PBXFileReference; lastKnownFileType = sourcecode.c.h; path = AppDelegate.h; sourceTree = "<group>"; };
		3D3834931E88AE3400B78F68 /* AppDelegate.m */ = {isa = PBXFileReference; lastKnownFileType = sourcecode.c.objc; path = AppDelegate.m; sourceTree = "<group>"; };
		3D3834951E88AE3400B78F68 /* ViewController.h */ = {isa = PBXFileReference; lastKnownFileType = sourcecode.c.h; path = ViewController.h; sourceTree = "<group>"; };
		3D3834961E88AE3400B78F68 /* ViewController.m */ = {isa = PBXFileReference; lastKnownFileType = sourcecode.c.objc; path = ViewController.m; sourceTree = "<group>"; };
		3D3834991E88AE3400B78F68 /* Base */ = {isa = PBXFileReference; lastKnownFileType = file.storyboard; name = Base; path = Base.lproj/Main.storyboard; sourceTree = "<group>"; };
		3D38349B1E88AE3400B78F68 /* Assets.xcassets */ = {isa = PBXFileReference; lastKnownFileType = folder.assetcatalog; path = Assets.xcassets; sourceTree = "<group>"; };
		3D38349E1E88AE3400B78F68 /* Base */ = {isa = PBXFileReference; lastKnownFileType = file.storyboard; name = Base; path = Base.lproj/LaunchScreen.storyboard; sourceTree = "<group>"; };
		3D3834A01E88AE3400B78F68 /* Info.plist */ = {isa = PBXFileReference; lastKnownFileType = text.plist.xml; path = Info.plist; sourceTree = "<group>"; };
		3D3834A61E88B1D600B78F68 /* DetailViewController.h */ = {isa = PBXFileReference; fileEncoding = 4; lastKnownFileType = sourcecode.c.h; path = DetailViewController.h; sourceTree = "<group>"; };
		3D3834A71E88B1D600B78F68 /* DetailViewController.m */ = {isa = PBXFileReference; fileEncoding = 4; lastKnownFileType = sourcecode.c.objc; path = DetailViewController.m; sourceTree = "<group>"; };
		3D3834A91E88B28700B78F68 /* ProductListTableViewCell.h */ = {isa = PBXFileReference; fileEncoding = 4; lastKnownFileType = sourcecode.c.h; path = ProductListTableViewCell.h; sourceTree = "<group>"; };
		3D3834AA1E88B28700B78F68 /* ProductListTableViewCell.m */ = {isa = PBXFileReference; fileEncoding = 4; lastKnownFileType = sourcecode.c.objc; path = ProductListTableViewCell.m; sourceTree = "<group>"; };
		3D3834AC1E88B32D00B78F68 /* Product.h */ = {isa = PBXFileReference; fileEncoding = 4; lastKnownFileType = sourcecode.c.h; path = Product.h; sourceTree = "<group>"; };
		3D3834AD1E88B32D00B78F68 /* Product.m */ = {isa = PBXFileReference; fileEncoding = 4; lastKnownFileType = sourcecode.c.objc; path = Product.m; sourceTree = "<group>"; };
		3D3834B01E88CD0000B78F68 /* SafariServices.framework */ = {isa = PBXFileReference; lastKnownFileType = wrapper.framework; name = SafariServices.framework; path = System/Library/Frameworks/SafariServices.framework; sourceTree = SDKROOT; };
/* End PBXFileReference section */

/* Begin PBXFrameworksBuildPhase section */
		3D3834891E88AE3400B78F68 /* Frameworks */ = {
			isa = PBXFrameworksBuildPhase;
			buildActionMask = 2147483647;
			files = (
				3D3834B11E88CD0000B78F68 /* SafariServices.framework in Frameworks */,
			);
			runOnlyForDeploymentPostprocessing = 0;
		};
/* End PBXFrameworksBuildPhase section */

/* Begin PBXGroup section */
		3D3834831E88AE3400B78F68 = {
			isa = PBXGroup;
			children = (
				3D38348E1E88AE3400B78F68 /* Week2assessment - Yohan */,
				3D38348D1E88AE3400B78F68 /* Products */,
				3D3834AF1E88CD0000B78F68 /* Frameworks */,
			);
			sourceTree = "<group>";
		};
		3D38348D1E88AE3400B78F68 /* Products */ = {
			isa = PBXGroup;
			children = (
				3D38348C1E88AE3400B78F68 /* Week2assessment - Yohan.app */,
			);
			name = Products;
			sourceTree = "<group>";
		};
		3D38348E1E88AE3400B78F68 /* Week2assessment - Yohan */ = {
			isa = PBXGroup;
			children = (
				3D3834921E88AE3400B78F68 /* AppDelegate.h */,
				3D3834931E88AE3400B78F68 /* AppDelegate.m */,
				3D3834951E88AE3400B78F68 /* ViewController.h */,
				3D3834961E88AE3400B78F68 /* ViewController.m */,
				3D3834A91E88B28700B78F68 /* ProductListTableViewCell.h */,
				3D3834AA1E88B28700B78F68 /* ProductListTableViewCell.m */,
				3D3834A61E88B1D600B78F68 /* DetailViewController.h */,
				3D3834A71E88B1D600B78F68 /* DetailViewController.m */,
				3D3834AC1E88B32D00B78F68 /* Product.h */,
				3D3834AD1E88B32D00B78F68 /* Product.m */,
				3D3834981E88AE3400B78F68 /* Main.storyboard */,
				3D38349B1E88AE3400B78F68 /* Assets.xcassets */,
				3D38349D1E88AE3400B78F68 /* LaunchScreen.storyboard */,
				3D3834A01E88AE3400B78F68 /* Info.plist */,
				3D38348F1E88AE3400B78F68 /* Supporting Files */,
			);
			path = "Week2assessment - Yohan";
			sourceTree = "<group>";
		};
		3D38348F1E88AE3400B78F68 /* Supporting Files */ = {
			isa = PBXGroup;
			children = (
				3D3834901E88AE3400B78F68 /* main.m */,
			);
			name = "Supporting Files";
			sourceTree = "<group>";
		};
		3D3834AF1E88CD0000B78F68 /* Frameworks */ = {
			isa = PBXGroup;
			children = (
				3D3834B01E88CD0000B78F68 /* SafariServices.framework */,
			);
			name = Frameworks;
			sourceTree = "<group>";
		};
/* End PBXGroup section */

/* Begin PBXNativeTarget section */
		3D38348B1E88AE3400B78F68 /* Week2assessment - Yohan */ = {
			isa = PBXNativeTarget;
			buildConfigurationList = 3D3834A31E88AE3400B78F68 /* Build configuration list for PBXNativeTarget "Week2assessment - Yohan" */;
			buildPhases = (
				3D3834881E88AE3400B78F68 /* Sources */,
				3D3834891E88AE3400B78F68 /* Frameworks */,
				3D38348A1E88AE3400B78F68 /* Resources */,
			);
			buildRules = (
			);
			dependencies = (
			);
			name = "Week2assessment - Yohan";
			productName = "Week2assessment - Yohan";
			productReference = 3D38348C1E88AE3400B78F68 /* Week2assessment - Yohan.app */;
			productType = "com.apple.product-type.application";
		};
/* End PBXNativeTarget section */

/* Begin PBXProject section */
		3D3834841E88AE3400B78F68 /* Project object */ = {
			isa = PBXProject;
			attributes = {
				LastUpgradeCheck = 0820;
				ORGANIZATIONNAME = "Obiet Panggrahito";
				TargetAttributes = {
					3D38348B1E88AE3400B78F68 = {
						CreatedOnToolsVersion = 8.2.1;
						ProvisioningStyle = Automatic;
					};
				};
			};
			buildConfigurationList = 3D3834871E88AE3400B78F68 /* Build configuration list for PBXProject "Week2assessment - Yohan" */;
			compatibilityVersion = "Xcode 3.2";
			developmentRegion = English;
			hasScannedForEncodings = 0;
			knownRegions = (
				en,
				Base,
			);
			mainGroup = 3D3834831E88AE3400B78F68;
			productRefGroup = 3D38348D1E88AE3400B78F68 /* Products */;
			projectDirPath = "";
			projectRoot = "";
			targets = (
				3D38348B1E88AE3400B78F68 /* Week2assessment - Yohan */,
			);
		};
/* End PBXProject section */

/* Begin PBXResourcesBuildPhase section */
		3D38348A1E88AE3400B78F68 /* Resources */ = {
			isa = PBXResourcesBuildPhase;
			buildActionMask = 2147483647;
			files = (
				3D38349F1E88AE3400B78F68 /* LaunchScreen.storyboard in Resources */,
				3D38349C1E88AE3400B78F68 /* Assets.xcassets in Resources */,
				3D38349A1E88AE3400B78F68 /* Main.storyboard in Resources */,
			);
			runOnlyForDeploymentPostprocessing = 0;
		};
/* End PBXResourcesBuildPhase section */

/* Begin PBXSourcesBuildPhase section */
		3D3834881E88AE3400B78F68 /* Sources */ = {
			isa = PBXSourcesBuildPhase;
			buildActionMask = 2147483647;
			files = (
				3D3834971E88AE3400B78F68 /* ViewController.m in Sources */,
				3D3834941E88AE3400B78F68 /* AppDelegate.m in Sources */,
				3D3834AB1E88B28700B78F68 /* ProductListTableViewCell.m in Sources */,
				3D3834AE1E88B32D00B78F68 /* Product.m in Sources */,
				3D3834911E88AE3400B78F68 /* main.m in Sources */,
				3D3834A81E88B1D600B78F68 /* DetailViewController.m in Sources */,
			);
			runOnlyForDeploymentPostprocessing = 0;
		};
/* End PBXSourcesBuildPhase section */

/* Begin PBXVariantGroup section */
		3D3834981E88AE3400B78F68 /* Main.storyboard */ = {
			isa = PBXVariantGroup;
			children = (
				3D3834991E88AE3400B78F68 /* Base */,
			);
			name = Main.storyboard;
			sourceTree = "<group>";
		};
		3D38349D1E88AE3400B78F68 /* LaunchScreen.storyboard */ = {
			isa = PBXVariantGroup;
			children = (
				3D38349E1E88AE3400B78F68 /* Base */,
			);
			name = LaunchScreen.storyboard;
			sourceTree = "<group>";
		};
/* End PBXVariantGroup section */

/* Begin XCBuildConfiguration section */
		3D3834A11E88AE3400B78F68 /* Debug */ = {
			isa = XCBuildConfiguration;
			buildSettings = {
				ALWAYS_SEARCH_USER_PATHS = NO;
				CLANG_ANALYZER_NONNULL = YES;
				CLANG_CXX_LANGUAGE_STANDARD = "gnu++0x";
				CLANG_CXX_LIBRARY = "libc++";
				CLANG_ENABLE_MODULES = YES;
				CLANG_ENABLE_OBJC_ARC = YES;
				CLANG_WARN_BOOL_CONVERSION = YES;
				CLANG_WARN_CONSTANT_CONVERSION = YES;
				CLANG_WARN_DIRECT_OBJC_ISA_USAGE = YES_ERROR;
				CLANG_WARN_DOCUMENTATION_COMMENTS = YES;
				CLANG_WARN_EMPTY_BODY = YES;
				CLANG_WARN_ENUM_CONVERSION = YES;
				CLANG_WARN_INFINITE_RECURSION = YES;
				CLANG_WARN_INT_CONVERSION = YES;
				CLANG_WARN_OBJC_ROOT_CLASS = YES_ERROR;
				CLANG_WARN_SUSPICIOUS_MOVE = YES;
				CLANG_WARN_UNREACHABLE_CODE = YES;
				CLANG_WARN__DUPLICATE_METHOD_MATCH = YES;
				"CODE_SIGN_IDENTITY[sdk=iphoneos*]" = "iPhone Developer";
				COPY_PHASE_STRIP = NO;
				DEBUG_INFORMATION_FORMAT = dwarf;
				ENABLE_STRICT_OBJC_MSGSEND = YES;
				ENABLE_TESTABILITY = YES;
				GCC_C_LANGUAGE_STANDARD = gnu99;
				GCC_DYNAMIC_NO_PIC = NO;
				GCC_NO_COMMON_BLOCKS = YES;
				GCC_OPTIMIZATION_LEVEL = 0;
				GCC_PREPROCESSOR_DEFINITIONS = (
					"DEBUG=1",
					"$(inherited)",
				);
				GCC_WARN_64_TO_32_BIT_CONVERSION = YES;
				GCC_WARN_ABOUT_RETURN_TYPE = YES_ERROR;
				GCC_WARN_UNDECLARED_SELECTOR = YES;
				GCC_WARN_UNINITIALIZED_AUTOS = YES_AGGRESSIVE;
				GCC_WARN_UNUSED_FUNCTION = YES;
				GCC_WARN_UNUSED_VARIABLE = YES;
				IPHONEOS_DEPLOYMENT_TARGET = 10.2;
				MTL_ENABLE_DEBUG_INFO = YES;
				ONLY_ACTIVE_ARCH = YES;
				SDKROOT = iphoneos;
				TARGETED_DEVICE_FAMILY = "1,2";
			};
			name = Debug;
		};
		3D3834A21E88AE3400B78F68 /* Release */ = {
			isa = XCBuildConfiguration;
			buildSettings = {
				ALWAYS_SEARCH_USER_PATHS = NO;
				CLANG_ANALYZER_NONNULL = YES;
				CLANG_CXX_LANGUAGE_STANDARD = "gnu++0x";
				CLANG_CXX_LIBRARY = "libc++";
				CLANG_ENABLE_MODULES = YES;
				CLANG_ENABLE_OBJC_ARC = YES;
				CLANG_WARN_BOOL_CONVERSION = YES;
				CLANG_WARN_CONSTANT_CONVERSION = YES;
				CLANG_WARN_DIRECT_OBJC_ISA_USAGE = YES_ERROR;
				CLANG_WARN_DOCUMENTATION_COMMENTS = YES;
				CLANG_WARN_EMPTY_BODY = YES;
				CLANG_WARN_ENUM_CONVERSION = YES;
				CLANG_WARN_INFINITE_RECURSION = YES;
				CLANG_WARN_INT_CONVERSION = YES;
				CLANG_WARN_OBJC_ROOT_CLASS = YES_ERROR;
				CLANG_WARN_SUSPICIOUS_MOVE = YES;
				CLANG_WARN_UNREACHABLE_CODE = YES;
				CLANG_WARN__DUPLICATE_METHOD_MATCH = YES;
				"CODE_SIGN_IDENTITY[sdk=iphoneos*]" = "iPhone Developer";
				COPY_PHASE_STRIP = NO;
				DEBUG_INFORMATION_FORMAT = "dwarf-with-dsym";
				ENABLE_NS_ASSERTIONS = NO;
				ENABLE_STRICT_OBJC_MSGSEND = YES;
				GCC_C_LANGUAGE_STANDARD = gnu99;
				GCC_NO_COMMON_BLOCKS = YES;
				GCC_WARN_64_TO_32_BIT_CONVERSION = YES;
				GCC_WARN_ABOUT_RETURN_TYPE = YES_ERROR;
				GCC_WARN_UNDECLARED_SELECTOR = YES;
				GCC_WARN_UNINITIALIZED_AUTOS = YES_AGGRESSIVE;
				GCC_WARN_UNUSED_FUNCTION = YES;
				GCC_WARN_UNUSED_VARIABLE = YES;
				IPHONEOS_DEPLOYMENT_TARGET = 10.2;
				MTL_ENABLE_DEBUG_INFO = NO;
				SDKROOT = iphoneos;
				TARGETED_DEVICE_FAMILY = "1,2";
				VALIDATE_PRODUCT = YES;
			};
			name = Release;
		};
		3D3834A41E88AE3400B78F68 /* Debug */ = {
			isa = XCBuildConfiguration;
			buildSettings = {
				ASSETCATALOG_COMPILER_APPICON_NAME = AppIcon;
				INFOPLIST_FILE = "Week2assessment - Yohan/Info.plist";
				LD_RUNPATH_SEARCH_PATHS = "$(inherited) @executable_path/Frameworks";
				PRODUCT_BUNDLE_IDENTIFIER = "com.first.Week2assessment---Yohan";
				PRODUCT_NAME = "$(TARGET_NAME)";
			};
			name = Debug;
		};
		3D3834A51E88AE3400B78F68 /* Release */ = {
			isa = XCBuildConfiguration;
			buildSettings = {
				ASSETCATALOG_COMPILER_APPICON_NAME = AppIcon;
				INFOPLIST_FILE = "Week2assessment - Yohan/Info.plist";
				LD_RUNPATH_SEARCH_PATHS = "$(inherited) @executable_path/Frameworks";
				PRODUCT_BUNDLE_IDENTIFIER = "com.first.Week2assessment---Yohan";
				PRODUCT_NAME = "$(TARGET_NAME)";
			};
			name = Release;
		};
/* End XCBuildConfiguration section */

/* Begin XCConfigurationList section */
		3D3834871E88AE3400B78F68 /* Build configuration list for PBXProject "Week2assessment - Yohan" */ = {
			isa = XCConfigurationList;
			buildConfigurations = (
				3D3834A11E88AE3400B78F68 /* Debug */,
				3D3834A21E88AE3400B78F68 /* Release */,
			);
			defaultConfigurationIsVisible = 0;
			defaultConfigurationName = Release;
		};
		3D3834A31E88AE3400B78F68 /* Build configuration list for PBXNativeTarget "Week2assessment - Yohan" */ = {
			isa = XCConfigurationList;
			buildConfigurations = (
				3D3834A41E88AE3400B78F68 /* Debug */,
				3D3834A51E88AE3400B78F68 /* Release */,
			);
			defaultConfigurationIsVisible = 0;
		};
/* End XCConfigurationList section */
	};
	rootObject = 3D3834841E88AE3400B78F68 /* Project object */;
}
